
Microsoft Visual Studio Solution File, Format Version 12.00
# Visual Studio Version 17
VisualStudioVersion = 17.14.37628.2 d17.14
MinimumVisualStudioVersion = 10.0.40219.1
Project("{FAE04EC0-301F-11D3-BF4B-00C04F79EFBC}") = "Task5", "Task5\Task5.csproj", "{D0101D44-D444-45B9-A5FA-324E5F93448A}"
EndProject
Global
	GlobalSection(SolutionConfigurationPlatforms) = preSolution
		Debug|Any CPU = Debug|Any CPU
		Release|Any CPU = Release|Any CPU
	EndGlobalSection
	GlobalSection(ProjectConfigurationPlatforms) = postSolution
		{D0101D44-D444-45B9-A5FA-324E5F93448A}.Debug|Any CPU.ActiveCfg = Debug|Any CPU
		{D0101D44-D444-45B9-A5FA-324E5F93448A}.Debug|Any CPU.Build.0 = Debug|Any CPU
		{D0101D44-D444-45B9-A5FA-324E5F93448A}.Release|Any CPU.ActiveCfg = Release|Any CPU
		{D0101D44-D444-45B9-A5FA-324E5F93448A}.Release|Any CPU.Build.0 = Release|Any CPU
	EndGlobalSection
	GlobalSection(SolutionProperties) = preSolution
		HideSolutionNode = FALSE
	EndGlobalSection
	GlobalSection(ExtensibilityGlobals) = postSolution
		SolutionGuid = {711E6E23-8A6E-4DEB-A4F3-D9D8C88888F9}
	EndGlobalSection
EndGlobal
